
Microsoft Visual Studio Solution File, Format Version 12.00
# Visual Studio Version 17
VisualStudioVersion = 17.10.35013.160
MinimumVisualStudioVersion = 10.0.40219.1
Project("{FAE04EC0-301F-11D3-BF4B-00C04F79EFBC}") = "WebApplication3", "WebApplication3\WebApplication3.csproj", "{4338D811-08CA-484C-A6E9-65501DD9C944}"
EndProject
Global
	GlobalSection(SolutionConfigurationPlatforms) = preSolution
		Debug|Any CPU = Debug|Any CPU
		Release|Any CPU = Release|Any CPU
	EndGlobalSection
	GlobalSection(ProjectConfigurationPlatforms) = postSolution
		{4338D811-08CA-484C-A6E9-65501DD9C944}.Debug|Any CPU.ActiveCfg = Debug|Any CPU
		{4338D811-08CA-484C-A6E9-65501DD9C944}.Debug|Any CPU.Build.0 = Debug|Any CPU
		{4338D811-08CA-484C-A6E9-65501DD9C944}.Release|Any CPU.ActiveCfg = Release|Any CPU
		{4338D811-08CA-484C-A6E9-65501DD9C944}.Release|Any CPU.Build.0 = Release|Any CPU
	EndGlobalSection
	GlobalSection(SolutionProperties) = preSolution
		HideSolutionNode = FALSE
	EndGlobalSection
	GlobalSection(ExtensibilityGlobals) = postSolution
		SolutionGuid = {386538FB-7E6F-4E80-8881-F9C6A56419D2}
	EndGlobalSection
EndGlobal
